// !$*UTF8*$!
{
	archiveVersion = 1;
	classes = {
	};
	objectVersion = 56;
	objects = {

/* Begin PBXBuildFile section */
		4F09F9DB2944758000416024 /* code.cpp in Sources */ = {isa = PBXBuildFile; fileRef = 4F09F9D92944758000416024 /* code.cpp */; };
		4F219CE82965C5C700BE97A7 /* class_2.cpp in Sources */ = {isa = PBXBuildFile; fileRef = 4F219CE62965C5C700BE97A7 /* class_2.cpp */; };
		4F240BB12963CB5E00A8964D /* extern_value.cpp in Sources */ = {isa = PBXBuildFile; fileRef = 4F240BB02963CB5E00A8964D /* extern_value.cpp */; };
		4F4D3FAC296598EA002DEDCA /* class_1.cpp in Sources */ = {isa = PBXBuildFile; fileRef = 4F4D3FAA296598EA002DEDCA /* class_1.cpp */; };
		4F4D95152968694C0023DF74 /* class_3.cpp in Sources */ = {isa = PBXBuildFile; fileRef = 4F4D95132968694C0023DF74 /* class_3.cpp */; };
		4F4D952B296AB5B60023DF74 /* const_operator_1.cpp in Sources */ = {isa = PBXBuildFile; fileRef = 4F4D9529296AB5B60023DF74 /* const_operator_1.cpp */; };
		4F78CF5E2941AA4F007C073A /* main.cpp in Sources */ = {isa = PBXBuildFile; fileRef = 4F78CF5D2941AA4F007C073A /* main.cpp */; };
		4FC329B9296A788300BD4F17 /* string_demo.cpp in Sources */ = {isa = PBXBuildFile; fileRef = 4FC329B7296A788300BD4F17 /* string_demo.cpp */; };
		4FF311E12969984800DA95AD /* stringbad.cpp in Sources */ = {isa = PBXBuildFile; fileRef = 4FF311DF2969984800DA95AD /* stringbad.cpp */; };
		4FF311E42969A21A00DA95AD /* stringbad_2.cpp in Sources */ = {isa = PBXBuildFile; fileRef = 4FF311E22969A21A00DA95AD /* stringbad_2.cpp */; };
/* End PBXBuildFile section */

/* Begin PBXCopyFilesBuildPhase section */
		4F78CF582941AA4F007C073A /* CopyFiles */ = {
			isa = PBXCopyFilesBuildPhase;
			buildActionMask = 2147483647;
			dstPath = /usr/share/man/man1/;
			dstSubfolderSpec = 0;
			files = (
			);
			runOnlyForDeploymentPostprocessing = 1;
		};
/* End PBXCopyFilesBuildPhase section */

/* Begin PBXFileReference section */
		4F09F9D92944758000416024 /* code.cpp */ = {isa = PBXFileReference; lastKnownFileType = sourcecode.cpp.cpp; path = code.cpp; sourceTree = "<group>"; };
		4F09F9DA2944758000416024 /* code.hpp */ = {isa = PBXFileReference; lastKnownFileType = sourcecode.cpp.h; path = code.hpp; sourceTree = "<group>"; };
		4F219CE62965C5C700BE97A7 /* class_2.cpp */ = {isa = PBXFileReference; lastKnownFileType = sourcecode.cpp.cpp; path = class_2.cpp; sourceTree = "<group>"; };
		4F219CE72965C5C700BE97A7 /* class_2.hpp */ = {isa = PBXFileReference; lastKnownFileType = sourcecode.cpp.h; path = class_2.hpp; sourceTree = "<group>"; };
		4F240BAA2963C68100A8964D /* ifndef_header.hpp */ = {isa = PBXFileReference; lastKnownFileType = sourcecode.cpp.h; path = ifndef_header.hpp; sourceTree = "<group>"; };
		4F240BB02963CB5E00A8964D /* extern_value.cpp */ = {isa = PBXFileReference; lastKnownFileType = sourcecode.cpp.cpp; path = extern_value.cpp; sourceTree = "<group>"; };
		4F240BB22963CBEB00A8964D /* static_value.hpp */ = {isa = PBXFileReference; lastKnownFileType = sourcecode.cpp.h; path = static_value.hpp; sourceTree = "<group>"; };
		4F4D3FAA296598EA002DEDCA /* class_1.cpp */ = {isa = PBXFileReference; lastKnownFileType = sourcecode.cpp.cpp; path = class_1.cpp; sourceTree = "<group>"; };
		4F4D3FAB296598EA002DEDCA /* class_1.hpp */ = {isa = PBXFileReference; lastKnownFileType = sourcecode.cpp.h; path = class_1.hpp; sourceTree = "<group>"; };
		4F4D95132968694C0023DF74 /* class_3.cpp */ = {isa = PBXFileReference; lastKnownFileType = sourcecode.cpp.cpp; path = class_3.cpp; sourceTree = "<group>"; };
		4F4D95142968694C0023DF74 /* class_3.hpp */ = {isa = PBXFileReference; lastKnownFileType = sourcecode.cpp.h; path = class_3.hpp; sourceTree = "<group>"; };
		4F4D9529296AB5B60023DF74 /* const_operator_1.cpp */ = {isa = PBXFileReference; lastKnownFileType = sourcecode.cpp.cpp; path = const_operator_1.cpp; sourceTree = "<group>"; };
		4F4D952A296AB5B60023DF74 /* const_operator_1.hpp */ = {isa = PBXFileReference; lastKnownFileType = sourcecode.cpp.h; path = const_operator_1.hpp; sourceTree = "<group>"; };
		4F78CF5A2941AA4F007C073A /* Practice_CXX */ = {isa = PBXFileReference; explicitFileType = "compiled.mach-o.executable"; includeInIndex = 0; path = Practice_CXX; sourceTree = BUILT_PRODUCTS_DIR; };
		4F78CF5D2941AA4F007C073A /* main.cpp */ = {isa = PBXFileReference; lastKnownFileType = sourcecode.cpp.cpp; path = main.cpp; sourceTree = "<group>"; };
		4FC329B7296A788300BD4F17 /* string_demo.cpp */ = {isa = PBXFileReference; lastKnownFileType = sourcecode.cpp.cpp; path = string_demo.cpp; sourceTree = "<group>"; };
		4FC329B8296A788300BD4F17 /* string_demo.hpp */ = {isa = PBXFileReference; lastKnownFileType = sourcecode.cpp.h; path = string_demo.hpp; sourceTree = "<group>"; };
		4FF311DF2969984800DA95AD /* stringbad.cpp */ = {isa = PBXFileReference; lastKnownFileType = sourcecode.cpp.cpp; path = stringbad.cpp; sourceTree = "<group>"; };
		4FF311E02969984800DA95AD /* stringbad.hpp */ = {isa = PBXFileReference; lastKnownFileType = sourcecode.cpp.h; path = stringbad.hpp; sourceTree = "<group>"; };
		4FF311E22969A21A00DA95AD /* stringbad_2.cpp */ = {isa = PBXFileReference; lastKnownFileType = sourcecode.cpp.cpp; path = stringbad_2.cpp; sourceTree = "<group>"; };
		4FF311E32969A21A00DA95AD /* stringbad_2.hpp */ = {isa = PBXFileReference; lastKnownFileType = sourcecode.cpp.h; path = stringbad_2.hpp; sourceTree = "<group>"; };
/* End PBXFileReference section */

/* Begin PBXFrameworksBuildPhase section */
		4F78CF572941AA4F007C073A /* Frameworks */ = {
			isa = PBXFrameworksBuildPhase;
			buildActionMask = 2147483647;
			files = (
			);
			runOnlyForDeploymentPostprocessing = 0;
		};
/* End PBXFrameworksBuildPhase section */

/* Begin PBXGroup section */
		4F78CF512941AA4F007C073A = {
			isa = PBXGroup;
			children = (
				4F78CF5C2941AA4F007C073A /* Practice_CXX */,
				4F78CF5B2941AA4F007C073A /* Products */,
			);
			sourceTree = "<group>";
		};
		4F78CF5B2941AA4F007C073A /* Products */ = {
			isa = PBXGroup;
			children = (
				4F78CF5A2941AA4F007C073A /* Practice_CXX */,
			);
			name = Products;
			sourceTree = "<group>";
		};
		4F78CF5C2941AA4F007C073A /* Practice_CXX */ = {
			isa = PBXGroup;
			children = (
				4F78CF5D2941AA4F007C073A /* main.cpp */,
				4F09F9DA2944758000416024 /* code.hpp */,
				4F09F9D92944758000416024 /* code.cpp */,
				4F240BAA2963C68100A8964D /* ifndef_header.hpp */,
				4F240BB02963CB5E00A8964D /* extern_value.cpp */,
				4F240BB22963CBEB00A8964D /* static_value.hpp */,
				4F4D3FAB296598EA002DEDCA /* class_1.hpp */,
				4F4D3FAA296598EA002DEDCA /* class_1.cpp */,
				4F219CE72965C5C700BE97A7 /* class_2.hpp */,
				4F219CE62965C5C700BE97A7 /* class_2.cpp */,
				4F4D95142968694C0023DF74 /* class_3.hpp */,
				4F4D95132968694C0023DF74 /* class_3.cpp */,
				4FF311E02969984800DA95AD /* stringbad.hpp */,
				4FF311DF2969984800DA95AD /* stringbad.cpp */,
				4FF311E32969A21A00DA95AD /* stringbad_2.hpp */,
				4FF311E22969A21A00DA95AD /* stringbad_2.cpp */,
				4F4D952A296AB5B60023DF74 /* const_operator_1.hpp */,
				4F4D9529296AB5B60023DF74 /* const_operator_1.cpp */,
				4FC329B8296A788300BD4F17 /* string_demo.hpp */,
				4FC329B7296A788300BD4F17 /* string_demo.cpp */,
			);
			path = Practice_CXX;
			sourceTree = "<group>";
		};
/* End PBXGroup section */

/* Begin PBXNativeTarget section */
		4F78CF592941AA4F007C073A /* Practice_CXX */ = {
			isa = PBXNativeTarget;
			buildConfigurationList = 4F78CF612941AA4F007C073A /* Build configuration list for PBXNativeTarget "Practice_CXX" */;
			buildPhases = (
				4F78CF562941AA4F007C073A /* Sources */,
				4F78CF572941AA4F007C073A /* Frameworks */,
				4F78CF582941AA4F007C073A /* CopyFiles */,
			);
			buildRules = (
			);
			dependencies = (
			);
			name = Practice_CXX;
			productName = Practice_CXX;
			productReference = 4F78CF5A2941AA4F007C073A /* Practice_CXX */;
			productType = "com.apple.product-type.tool";
		};
/* End PBXNativeTarget section */

/* Begin PBXProject section */
		4F78CF522941AA4F007C073A /* Project object */ = {
			isa = PBXProject;
			attributes = {
				BuildIndependentTargetsInParallel = 1;
				LastUpgradeCheck = 1420;
				TargetAttributes = {
					4F78CF592941AA4F007C073A = {
						CreatedOnToolsVersion = 14.2;
					};
				};
			};
			buildConfigurationList = 4F78CF552941AA4F007C073A /* Build configuration list for PBXProject "Practice_CXX" */;
			compatibilityVersion = "Xcode 14.0";
			developmentRegion = en;
			hasScannedForEncodings = 0;
			knownRegions = (
				en,
				Base,
			);
			mainGroup = 4F78CF512941AA4F007C073A;
			productRefGroup = 4F78CF5B2941AA4F007C073A /* Products */;
			projectDirPath = "";
			projectRoot = "";
			targets = (
				4F78CF592941AA4F007C073A /* Practice_CXX */,
			);
		};
/* End PBXProject section */

/* Begin PBXSourcesBuildPhase section */
		4F78CF562941AA4F007C073A /* Sources */ = {
			isa = PBXSourcesBuildPhase;
			buildActionMask = 2147483647;
			files = (
				4F4D95152968694C0023DF74 /* class_3.cpp in Sources */,
				4F240BB12963CB5E00A8964D /* extern_value.cpp in Sources */,
				4F219CE82965C5C700BE97A7 /* class_2.cpp in Sources */,
				4FC329B9296A788300BD4F17 /* string_demo.cpp in Sources */,
				4F09F9DB2944758000416024 /* code.cpp in Sources */,
				4F4D952B296AB5B60023DF74 /* const_operator_1.cpp in Sources */,
				4FF311E12969984800DA95AD /* stringbad.cpp in Sources */,
				4F4D3FAC296598EA002DEDCA /* class_1.cpp in Sources */,
				4F78CF5E2941AA4F007C073A /* main.cpp in Sources */,
				4FF311E42969A21A00DA95AD /* stringbad_2.cpp in Sources */,
			);
			runOnlyForDeploymentPostprocessing = 0;
		};
/* End PBXSourcesBuildPhase section */

/* Begin XCBuildConfiguration section */
		4F78CF5F2941AA4F007C073A /* Debug */ = {
			isa = XCBuildConfiguration;
			buildSettings = {
				ALWAYS_SEARCH_USER_PATHS = NO;
				CLANG_ANALYZER_NONNULL = YES;
				CLANG_ANALYZER_NUMBER_OBJECT_CONVERSION = YES_AGGRESSIVE;
				CLANG_CXX_LANGUAGE_STANDARD = "gnu++20";
				CLANG_ENABLE_MODULES = YES;
				CLANG_ENABLE_OBJC_ARC = YES;
				CLANG_ENABLE_OBJC_WEAK = YES;
				CLANG_WARN_BLOCK_CAPTURE_AUTORELEASING = YES;
				CLANG_WARN_BOOL_CONVERSION = YES;
				CLANG_WARN_COMMA = YES;
				CLANG_WARN_CONSTANT_CONVERSION = YES;
				CLANG_WARN_DEPRECATED_OBJC_IMPLEMENTATIONS = YES;
				CLANG_WARN_DIRECT_OBJC_ISA_USAGE = YES_ERROR;
				CLANG_WARN_DOCUMENTATION_COMMENTS = YES;
				CLANG_WARN_EMPTY_BODY = YES;
				CLANG_WARN_ENUM_CONVERSION = YES;
				CLANG_WARN_INFINITE_RECURSION = YES;
				CLANG_WARN_INT_CONVERSION = YES;
				CLANG_WARN_NON_LITERAL_NULL_CONVERSION = YES;
				CLANG_WARN_OBJC_IMPLICIT_RETAIN_SELF = YES;
				CLANG_WARN_OBJC_LITERAL_CONVERSION = YES;
				CLANG_WARN_OBJC_ROOT_CLASS = YES_ERROR;
				CLANG_WARN_QUOTED_INCLUDE_IN_FRAMEWORK_HEADER = YES;
				CLANG_WARN_RANGE_LOOP_ANALYSIS = YES;
				CLANG_WARN_STRICT_PROTOTYPES = YES;
				CLANG_WARN_SUSPICIOUS_MOVE = YES;
				CLANG_WARN_UNGUARDED_AVAILABILITY = YES_AGGRESSIVE;
				CLANG_WARN_UNREACHABLE_CODE = YES;
				CLANG_WARN__DUPLICATE_METHOD_MATCH = YES;
				COPY_PHASE_STRIP = NO;
				DEBUG_INFORMATION_FORMAT = dwarf;
				ENABLE_STRICT_OBJC_MSGSEND = YES;
				ENABLE_TESTABILITY = YES;
				GCC_C_LANGUAGE_STANDARD = gnu11;
				GCC_DYNAMIC_NO_PIC = NO;
				GCC_NO_COMMON_BLOCKS = YES;
				GCC_OPTIMIZATION_LEVEL = 0;
				GCC_PREPROCESSOR_DEFINITIONS = (
					"DEBUG=1",
					"$(inherited)",
				);
				GCC_WARN_64_TO_32_BIT_CONVERSION = YES;
				GCC_WARN_ABOUT_RETURN_TYPE = YES_ERROR;
				GCC_WARN_UNDECLARED_SELECTOR = YES;
				GCC_WARN_UNINITIALIZED_AUTOS = YES_AGGRESSIVE;
				GCC_WARN_UNUSED_FUNCTION = YES;
				GCC_WARN_UNUSED_VARIABLE = YES;
				MACOSX_DEPLOYMENT_TARGET = 13.1;
				MTL_ENABLE_DEBUG_INFO = INCLUDE_SOURCE;
				MTL_FAST_MATH = YES;
				ONLY_ACTIVE_ARCH = YES;
				SDKROOT = macosx;
			};
			name = Debug;
		};
		4F78CF602941AA4F007C073A /* Release */ = {
			isa = XCBuildConfiguration;
			buildSettings = {
				ALWAYS_SEARCH_USER_PATHS = NO;
				CLANG_ANALYZER_NONNULL = YES;
				CLANG_ANALYZER_NUMBER_OBJECT_CONVERSION = YES_AGGRESSIVE;
				CLANG_CXX_LANGUAGE_STANDARD = "gnu++20";
				CLANG_ENABLE_MODULES = YES;
				CLANG_ENABLE_OBJC_ARC = YES;
				CLANG_ENABLE_OBJC_WEAK = YES;
				CLANG_WARN_BLOCK_CAPTURE_AUTORELEASING = YES;
				CLANG_WARN_BOOL_CONVERSION = YES;
				CLANG_WARN_COMMA = YES;
				CLANG_WARN_CONSTANT_CONVERSION = YES;
				CLANG_WARN_DEPRECATED_OBJC_IMPLEMENTATIONS = YES;
				CLANG_WARN_DIRECT_OBJC_ISA_USAGE = YES_ERROR;
				CLANG_WARN_DOCUMENTATION_COMMENTS = YES;
				CLANG_WARN_EMPTY_BODY = YES;
				CLANG_WARN_ENUM_CONVERSION = YES;
				CLANG_WARN_INFINITE_RECURSION = YES;
				CLANG_WARN_INT_CONVERSION = YES;
				CLANG_WARN_NON_LITERAL_NULL_CONVERSION = YES;
				CLANG_WARN_OBJC_IMPLICIT_RETAIN_SELF = YES;
				CLANG_WARN_OBJC_LITERAL_CONVERSION = YES;
				CLANG_WARN_OBJC_ROOT_CLASS = YES_ERROR;
				CLANG_WARN_QUOTED_INCLUDE_IN_FRAMEWORK_HEADER = YES;
				CLANG_WARN_RANGE_LOOP_ANALYSIS = YES;
				CLANG_WARN_STRICT_PROTOTYPES = YES;
				CLANG_WARN_SUSPICIOUS_MOVE = YES;
				CLANG_WARN_UNGUARDED_AVAILABILITY = YES_AGGRESSIVE;
				CLANG_WARN_UNREACHABLE_CODE = YES;
				CLANG_WARN__DUPLICATE_METHOD_MATCH = YES;
				COPY_PHASE_STRIP = NO;
				DEBUG_INFORMATION_FORMAT = "dwarf-with-dsym";
				ENABLE_NS_ASSERTIONS = NO;
				ENABLE_STRICT_OBJC_MSGSEND = YES;
				GCC_C_LANGUAGE_STANDARD = gnu11;
				GCC_NO_COMMON_BLOCKS = YES;
				GCC_WARN_64_TO_32_BIT_CONVERSION = YES;
				GCC_WARN_ABOUT_RETURN_TYPE = YES_ERROR;
				GCC_WARN_UNDECLARED_SELECTOR = YES;
				GCC_WARN_UNINITIALIZED_AUTOS = YES_AGGRESSIVE;
				GCC_WARN_UNUSED_FUNCTION = YES;
				GCC_WARN_UNUSED_VARIABLE = YES;
				MACOSX_DEPLOYMENT_TARGET = 13.1;
				MTL_ENABLE_DEBUG_INFO = NO;
				MTL_FAST_MATH = YES;
				SDKROOT = macosx;
			};
			name = Release;
		};
		4F78CF622941AA4F007C073A /* Debug */ = {
			isa = XCBuildConfiguration;
			buildSettings = {
				CODE_SIGN_STYLE = Automatic;
				DEVELOPMENT_TEAM = P53D29U9LJ;
				ENABLE_HARDENED_RUNTIME = YES;
				PRODUCT_NAME = "$(TARGET_NAME)";
			};
			name = Debug;
		};
		4F78CF632941AA4F007C073A /* Release */ = {
			isa = XCBuildConfiguration;
			buildSettings = {
				CODE_SIGN_STYLE = Automatic;
				DEVELOPMENT_TEAM = P53D29U9LJ;
				ENABLE_HARDENED_RUNTIME = YES;
				PRODUCT_NAME = "$(TARGET_NAME)";
			};
			name = Release;
		};
/* End XCBuildConfiguration section */

/* Begin XCConfigurationList section */
		4F78CF552941AA4F007C073A /* Build configuration list for PBXProject "Practice_CXX" */ = {
			isa = XCConfigurationList;
			buildConfigurations = (
				4F78CF5F2941AA4F007C073A /* Debug */,
				4F78CF602941AA4F007C073A /* Release */,
			);
			defaultConfigurationIsVisible = 0;
			defaultConfigurationName = Release;
		};
		4F78CF612941AA4F007C073A /* Build configuration list for PBXNativeTarget "Practice_CXX" */ = {
			isa = XCConfigurationList;
			buildConfigurations = (
				4F78CF622941AA4F007C073A /* Debug */,
				4F78CF632941AA4F007C073A /* Release */,
			);
			defaultConfigurationIsVisible = 0;
			defaultConfigurationName = Release;
		};
/* End XCConfigurationList section */
	};
	rootObject = 4F78CF522941AA4F007C073A /* Project object */;
}
